{
  "name": "portfolio",
  "version": "1.0.0",
  "lockfileVersion": 1,
  "requires": true,
  "dependencies": {
    "base-58": {
      "version": "0.0.1",
      "resolved": "https://registry.npmjs.org/base-58/-/base-58-0.0.1.tgz",
      "integrity": "sha1-hdPnAlEHVmGTM4j4MdHri49jFOM="
    },
    "nodemailer": {
      "version": "6.5.0",
      "resolved": "https://registry.npmjs.org/nodemailer/-/nodemailer-6.5.0.tgz",
      "integrity": "sha512-Tm4RPrrIZbnqDKAvX+/4M+zovEReiKlEXWDzG4iwtpL9X34MJY+D5LnQPH/+eghe8DLlAVshHAJZAZWBGhkguw=="
    },
    "rate-limiter-flexible": {
      "version": "2.2.1",
      "resolved": "https://registry.npmjs.org/rate-limiter-flexible/-/rate-limiter-flexible-2.2.1.tgz",
      "integrity": "sha512-rxCP6kDDdn0cZmVqVlF06yLU+mG3TuwaHV/fUIw3OQyYhza7pzVBtdMhUmfXbBzMS+O464XP+x33pfTDGRGYVA=="
    },
    "ws": {
      "version": "7.4.4",
      "resolved": "https://registry.npmjs.org/ws/-/ws-7.4.4.tgz",
      "integrity": "sha512-Qm8k8ojNQIMx7S+Zp8u/uHOx7Qazv3Yv4q68MiWWWOJhiwG5W3x7iqmRtJo8xxrciZUY4vRxUTJCKuRnF28ZZw=="
    }
  }
}
